
Microsoft Visual Studio Solution File, Format Version 12.00
# Visual Studio 15
VisualStudioVersion = 15.0.26730.16
MinimumVisualStudioVersion = 10.0.40219.1
Project("{FAE04EC0-301F-11D3-BF4B-00C04F79EFBC}") = "DynamicForms", "DynamicForms\DynamicForms.csproj", "{16F8671B-888C-4BE4-9CCB-FCEAF96A45ED}"
EndProject
Global
	GlobalSection(SolutionConfigurationPlatforms) = preSolution
		Debug|Any CPU = Debug|Any CPU
		Release|Any CPU = Release|Any CPU
	EndGlobalSection
	GlobalSection(ProjectConfigurationPlatforms) = postSolution
		{16F8671B-888C-4BE4-9CCB-FCEAF96A45ED}.Debug|Any CPU.ActiveCfg = Debug|Any CPU
		{16F8671B-888C-4BE4-9CCB-FCEAF96A45ED}.Debug|Any CPU.Build.0 = Debug|Any CPU
		{16F8671B-888C-4BE4-9CCB-FCEAF96A45ED}.Release|Any CPU.ActiveCfg = Release|Any CPU
		{16F8671B-888C-4BE4-9CCB-FCEAF96A45ED}.Release|Any CPU.Build.0 = Release|Any CPU
	EndGlobalSection
	GlobalSection(SolutionProperties) = preSolution
		HideSolutionNode = FALSE
	EndGlobalSection
	GlobalSection(ExtensibilityGlobals) = postSolution
		SolutionGuid = {CE2525E2-4318-4DDF-BF75-A21C3C613B3C}
	EndGlobalSection
EndGlobal
